{
  "name": "npm",
  "version": "1.0.0",
  "lockfileVersion": 1,
  "requires": true,
  "dependencies": {
    "yunpnodeserver": {
      "version": "0.0.4",
      "resolved": "https://registry.npmjs.org/yunpnodeserver/-/yunpnodeserver-0.0.4.tgz",
      "integrity": "sha512-GjuKZo0pAv6gN2LpAz5SYzX7yPwXBBkDfW6KMkLY5bwCUJSd7K0Lc5OuGNvV4XcYAksvECk553d15+huXT+7sA=="
    }
  }
}
